PODS:
  - Flutter (1.22.4)
  - flutter_zoom_plugin (0.0.1):
    - Flutter

DEPENDENCIES:
  - flutter_zoom_plugin (from `.symlinks/plugins/flutter_zoom_plugin/ios`)

SPEC REPOS:
  trunk:
    - Flutter

EXTERNAL SOURCES:
  flutter_zoom_plugin:
    :path: ".symlinks/plugins/flutter_zoom_plugin/ios"

SPEC CHECKSUMS:
  Flutter: d466195df8a9933b705cb82c53140202e097ec55
  flutter_zoom_plugin: 13810562aa7c9848ef91eab14d197b0c98f9e86d

PODFILE CHECKSUM: b6a0a141693093b304368d08511b46cf3d1d0ac5

COCOAPODS: 1.10.0
